
Microsoft Visual Studio Solution File, Format Version 12.00
# Visual Studio 15
VisualStudioVersion = 15.0.28307.1500
MinimumVisualStudioVersion = 10.0.40219.1
Project("{FAE04EC0-301F-11D3-BF4B-00C04F79EFBC}") = "WebApplication6", "WebApplication6\WebApplication6.csproj", "{581E14C7-497D-4D91-B9CC-395872AEDF86}"
EndProject
Global
	GlobalSection(SolutionConfigurationPlatforms) = preSolution
		Debug|Any CPU = Debug|Any CPU
		Release|Any CPU = Release|Any CPU
	EndGlobalSection
	GlobalSection(ProjectConfigurationPlatforms) = postSolution
		{581E14C7-497D-4D91-B9CC-395872AEDF86}.Debug|Any CPU.ActiveCfg = Debug|Any CPU
		{581E14C7-497D-4D91-B9CC-395872AEDF86}.Debug|Any CPU.Build.0 = Debug|Any CPU
		{581E14C7-497D-4D91-B9CC-395872AEDF86}.Release|Any CPU.ActiveCfg = Release|Any CPU
		{581E14C7-497D-4D91-B9CC-395872AEDF86}.Release|Any CPU.Build.0 = Release|Any CPU
	EndGlobalSection
	GlobalSection(SolutionProperties) = preSolution
		HideSolutionNode = FALSE
	EndGlobalSection
	GlobalSection(ExtensibilityGlobals) = postSolution
		SolutionGuid = {52575F34-AB9A-43CF-B6B7-782E4111D8B7}
	EndGlobalSection
EndGlobal
